
Microsoft Visual Studio Solution File, Format Version 12.00
# Visual Studio Version 16
VisualStudioVersion = 16.0.29806.167
MinimumVisualStudioVersion = 10.0.40219.1
Project("{8BC9CEB8-8B4A-11D0-8D11-00A0C91BC942}") = "HideKakaoTalkAd", "HideKakaoTalkAd\HideKakaoTalkAd.vcxproj", "{42B4E6F7-4CB7-4968-9C6B-C72F1328E82D}"
EndProject
Global
	GlobalSection(SolutionConfigurationPlatforms) = preSolution
		Debug|x64 = Debug|x64
		Release|x64 = Release|x64
	EndGlobalSection
	GlobalSection(ProjectConfigurationPlatforms) = postSolution
		{42B4E6F7-4CB7-4968-9C6B-C72F1328E82D}.Debug|x64.ActiveCfg = Debug|x64
		{42B4E6F7-4CB7-4968-9C6B-C72F1328E82D}.Debug|x64.Build.0 = Debug|x64
		{42B4E6F7-4CB7-4968-9C6B-C72F1328E82D}.Release|x64.ActiveCfg = Release|x64
		{42B4E6F7-4CB7-4968-9C6B-C72F1328E82D}.Release|x64.Build.0 = Release|x64
	EndGlobalSection
	GlobalSection(SolutionProperties) = preSolution
		HideSolutionNode = FALSE
	EndGlobalSection
	GlobalSection(ExtensibilityGlobals) = postSolution
		SolutionGuid = {0C79BB1C-C6E4-49CD-AA9D-27E549286A5A}
	EndGlobalSection
EndGlobal
